
Microsoft Visual Studio Solution File, Format Version 12.00
# Visual Studio Version 17
VisualStudioVersion = 17.3.32922.545
MinimumVisualStudioVersion = 10.0.40219.1
Project("{9A19103F-16F7-4668-BE54-9A1E7A4F7556}") = "FinanceApp", "FinanceProject\FinanceApp.csproj", "{D31FD797-06DF-4455-A0C0-79300385AC76}"
EndProject
Project("{54A90642-561A-4BB1-A94E-469ADEE60C69}") = "FinanceUi", "FinanceUi\FinanceUi.esproj", "{0342CC32-C89B-434E-B98B-6B859D19A925}"
EndProject
Project("{54A90642-561A-4BB1-A94E-469ADEE60C69}") = "cooploanapp", "CoopLoanApp\cooploanapp.esproj", "{2926724F-A5DA-4F94-B64F-6AC3E7F175FF}"
EndProject
Project("{54A90642-561A-4BB1-A94E-469ADEE60C69}") = "CosmosMigration", "CosmosMigrations\CosmosMigration.esproj", "{A6343BA4-CC53-472A-836F-030DFB623938}"
EndProject
Global
	GlobalSection(SolutionConfigurationPlatforms) = preSolution
		Debug|Any CPU = Debug|Any CPU
		Release|Any CPU = Release|Any CPU
	EndGlobalSection
	GlobalSection(ProjectConfigurationPlatforms) = postSolution
		{D31FD797-06DF-4455-A0C0-79300385AC76}.Release|Any CPU.ActiveCfg = Release|Any CPU
		{D31FD797-06DF-4455-A0C0-79300385AC76}.Release|Any CPU.Build.0 = Release|Any CPU
		{D31FD797-06DF-4455-A0C0-79300385AC76}.Debug|Any CPU.ActiveCfg = Debug_new|Any CPU
		{D31FD797-06DF-4455-A0C0-79300385AC76}.Debug|Any CPU.Build.0 = Debug_new|Any CPU
		{0342CC32-C89B-434E-B98B-6B859D19A925}.Debug|Any CPU.ActiveCfg = Debug|Any CPU
		{0342CC32-C89B-434E-B98B-6B859D19A925}.Debug|Any CPU.Build.0 = Debug|Any CPU
		{0342CC32-C89B-434E-B98B-6B859D19A925}.Debug|Any CPU.Deploy.0 = Debug|Any CPU
		{0342CC32-C89B-434E-B98B-6B859D19A925}.Release|Any CPU.ActiveCfg = Release|Any CPU
		{0342CC32-C89B-434E-B98B-6B859D19A925}.Release|Any CPU.Build.0 = Release|Any CPU
		{0342CC32-C89B-434E-B98B-6B859D19A925}.Release|Any CPU.Deploy.0 = Release|Any CPU
		{2926724F-A5DA-4F94-B64F-6AC3E7F175FF}.Debug|Any CPU.ActiveCfg = Debug|Any CPU
		{2926724F-A5DA-4F94-B64F-6AC3E7F175FF}.Debug|Any CPU.Build.0 = Debug|Any CPU
		{2926724F-A5DA-4F94-B64F-6AC3E7F175FF}.Debug|Any CPU.Deploy.0 = Debug|Any CPU
		{2926724F-A5DA-4F94-B64F-6AC3E7F175FF}.Release|Any CPU.ActiveCfg = Release|Any CPU
		{2926724F-A5DA-4F94-B64F-6AC3E7F175FF}.Release|Any CPU.Build.0 = Release|Any CPU
		{2926724F-A5DA-4F94-B64F-6AC3E7F175FF}.Release|Any CPU.Deploy.0 = Release|Any CPU
		{A6343BA4-CC53-472A-836F-030DFB623938}.Debug|Any CPU.ActiveCfg = Debug|Any CPU
		{A6343BA4-CC53-472A-836F-030DFB623938}.Debug|Any CPU.Build.0 = Debug|Any CPU
		{A6343BA4-CC53-472A-836F-030DFB623938}.Release|Any CPU.ActiveCfg = Debug|Any CPU
		{A6343BA4-CC53-472A-836F-030DFB623938}.Release|Any CPU.Build.0 = Debug|Any CPU
	EndGlobalSection
	GlobalSection(SolutionProperties) = preSolution
		HideSolutionNode = FALSE
	EndGlobalSection
	GlobalSection(ExtensibilityGlobals) = postSolution
		SolutionGuid = {5805BFC3-005B-4617-B808-B9B45F9D4BC1}
	EndGlobalSection
EndGlobal
